
Microsoft Visual Studio Solution File, Format Version 12.00
# Visual Studio Version 16
VisualStudioVersion = 16.0.30204.135
MinimumVisualStudioVersion = 10.0.40219.1
Project("{FAE04EC0-301F-11D3-BF4B-00C04F79EFBC}") = "SistemaVentas", "SistemaVentas.csproj", "{43803B7B-6585-487A-A935-57F898FD46D7}"
EndProject
Project("{FAE04EC0-301F-11D3-BF4B-00C04F79EFBC}") = "CapaDatos", "..\CapaDatos\CapaDatos.csproj", "{724F84A8-DABA-4662-A945-8A1D916A7B6B}"
EndProject
Project("{FAE04EC0-301F-11D3-BF4B-00C04F79EFBC}") = "CapaNegocio", "..\CapaNegocio\CapaNegocio.csproj", "{E5C95356-3E34-43A5-8137-AD48B0A17923}"
EndProject
Project("{FAE04EC0-301F-11D3-BF4B-00C04F79EFBC}") = "CapaPresentacion", "..\CapaPresentacion\CapaPresentacion.csproj", "{56AFF756-7EE6-44DE-A570-988E973C1EE3}"
EndProject
Global
	GlobalSection(SolutionConfigurationPlatforms) = preSolution
		Debug|Any CPU = Debug|Any CPU
		Release|Any CPU = Release|Any CPU
	EndGlobalSection
	GlobalSection(ProjectConfigurationPlatforms) = postSolution
		{43803B7B-6585-487A-A935-57F898FD46D7}.Debug|Any CPU.ActiveCfg = Debug|Any CPU
		{43803B7B-6585-487A-A935-57F898FD46D7}.Debug|Any CPU.Build.0 = Debug|Any CPU
		{43803B7B-6585-487A-A935-57F898FD46D7}.Release|Any CPU.ActiveCfg = Release|Any CPU
		{43803B7B-6585-487A-A935-57F898FD46D7}.Release|Any CPU.Build.0 = Release|Any CPU
		{724F84A8-DABA-4662-A945-8A1D916A7B6B}.Debug|Any CPU.ActiveCfg = Debug|Any CPU
		{724F84A8-DABA-4662-A945-8A1D916A7B6B}.Debug|Any CPU.Build.0 = Debug|Any CPU
		{724F84A8-DABA-4662-A945-8A1D916A7B6B}.Release|Any CPU.ActiveCfg = Release|Any CPU
		{724F84A8-DABA-4662-A945-8A1D916A7B6B}.Release|Any CPU.Build.0 = Release|Any CPU
		{E5C95356-3E34-43A5-8137-AD48B0A17923}.Debug|Any CPU.ActiveCfg = Debug|Any CPU
		{E5C95356-3E34-43A5-8137-AD48B0A17923}.Debug|Any CPU.Build.0 = Debug|Any CPU
		{E5C95356-3E34-43A5-8137-AD48B0A17923}.Release|Any CPU.ActiveCfg = Release|Any CPU
		{E5C95356-3E34-43A5-8137-AD48B0A17923}.Release|Any CPU.Build.0 = Release|Any CPU
		{56AFF756-7EE6-44DE-A570-988E973C1EE3}.Debug|Any CPU.ActiveCfg = Debug|Any CPU
		{56AFF756-7EE6-44DE-A570-988E973C1EE3}.Debug|Any CPU.Build.0 = Debug|Any CPU
		{56AFF756-7EE6-44DE-A570-988E973C1EE3}.Release|Any CPU.ActiveCfg = Release|Any CPU
		{56AFF756-7EE6-44DE-A570-988E973C1EE3}.Release|Any CPU.Build.0 = Release|Any CPU
	EndGlobalSection
	GlobalSection(SolutionProperties) = preSolution
		HideSolutionNode = FALSE
	EndGlobalSection
	GlobalSection(ExtensibilityGlobals) = postSolution
		SolutionGuid = {501AC767-31FC-4E69-89DD-E1BF117369D9}
	EndGlobalSection
EndGlobal
